
Microsoft Visual Studio Solution File, Format Version 12.00
# Visual Studio 15
VisualStudioVersion = 15.0.28307.645
MinimumVisualStudioVersion = 10.0.40219.1
Project("{9A19103F-16F7-4668-BE54-9A1E7A4F7556}") = "CitationUniSofia.Web", "Web\CitationUniSofia.Web\CitationUniSofia.Web.csproj", "{285E8731-12C1-4ED9-A177-878423761E5F}"
EndProject
Project("{2150E333-8FDC-42A3-9474-1A3956D46DE8}") = "Web", "Web", "{71FB2994-8D1F-4264-83F3-5AFCEFB0A79B}"
EndProject
Project("{2150E333-8FDC-42A3-9474-1A3956D46DE8}") = "Data", "Data", "{F10E2FE1-02E8-4985-945D-42536E88A5E2}"
EndProject
Project("{9A19103F-16F7-4668-BE54-9A1E7A4F7556}") = "CitationUniSofia.Data", "Data\CitationUniSofia.Data\CitationUniSofia.Data.csproj", "{11E30251-3785-44C7-8F0F-E1E319CCA250}"
EndProject
Project("{9A19103F-16F7-4668-BE54-9A1E7A4F7556}") = "CitationUniSofia.Data.Model", "Data\CitationUniSofia.Data.Model\CitationUniSofia.Data.Model.csproj", "{43AE0CFE-FD0D-4675-B6BA-9DDCD9143847}"
EndProject
Project("{9A19103F-16F7-4668-BE54-9A1E7A4F7556}") = "CitationUniSofia.Data.Common", "Data\CitationUniSofia.Data.Common\CitationUniSofia.Data.Common.csproj", "{CD08F9B6-D91D-435E-832B-BE618F32D2ED}"
EndProject
Project("{2150E333-8FDC-42A3-9474-1A3956D46DE8}") = "Tests", "Tests", "{C4CD29FF-6756-4B99-88BF-8AD3BDB98AAC}"
EndProject
Project("{FAE04EC0-301F-11D3-BF4B-00C04F79EFBC}") = "SandBox", "Tests\SandBox\SandBox.csproj", "{D5568F6B-5E29-4F06-9C6D-58ECD446BE11}"
EndProject
Project("{2150E333-8FDC-42A3-9474-1A3956D46DE8}") = "Services", "Services", "{0E936960-C9B1-47EF-9785-25489BA7319A}"
EndProject
Project("{FAE04EC0-301F-11D3-BF4B-00C04F79EFBC}") = "CitationUniSofia.Services.DataServices", "Services\CitationUniSofia.Services.DataServices\CitationUniSofia.Services.DataServices.csproj", "{5A998EE0-84AB-4758-A5B2-6905C8382703}"
EndProject
Project("{FAE04EC0-301F-11D3-BF4B-00C04F79EFBC}") = "CitationUniSofia.Services.Models", "Services\CitationUniSofia.Services.Models\CitationUniSofia.Services.Models.csproj", "{9799E041-A6D3-42AD-B4BD-80A28E82EE1E}"
EndProject
Global
	GlobalSection(SolutionConfigurationPlatforms) = preSolution
		Debug|Any CPU = Debug|Any CPU
		Release|Any CPU = Release|Any CPU
	EndGlobalSection
	GlobalSection(ProjectConfigurationPlatforms) = postSolution
		{285E8731-12C1-4ED9-A177-878423761E5F}.Debug|Any CPU.ActiveCfg = Debug|Any CPU
		{285E8731-12C1-4ED9-A177-878423761E5F}.Debug|Any CPU.Build.0 = Debug|Any CPU
		{285E8731-12C1-4ED9-A177-878423761E5F}.Release|Any CPU.ActiveCfg = Release|Any CPU
		{285E8731-12C1-4ED9-A177-878423761E5F}.Release|Any CPU.Build.0 = Release|Any CPU
		{11E30251-3785-44C7-8F0F-E1E319CCA250}.Debug|Any CPU.ActiveCfg = Debug|Any CPU
		{11E30251-3785-44C7-8F0F-E1E319CCA250}.Debug|Any CPU.Build.0 = Debug|Any CPU
		{11E30251-3785-44C7-8F0F-E1E319CCA250}.Release|Any CPU.ActiveCfg = Release|Any CPU
		{11E30251-3785-44C7-8F0F-E1E319CCA250}.Release|Any CPU.Build.0 = Release|Any CPU
		{43AE0CFE-FD0D-4675-B6BA-9DDCD9143847}.Debug|Any CPU.ActiveCfg = Debug|Any CPU
		{43AE0CFE-FD0D-4675-B6BA-9DDCD9143847}.Debug|Any CPU.Build.0 = Debug|Any CPU
		{43AE0CFE-FD0D-4675-B6BA-9DDCD9143847}.Release|Any CPU.ActiveCfg = Release|Any CPU
		{43AE0CFE-FD0D-4675-B6BA-9DDCD9143847}.Release|Any CPU.Build.0 = Release|Any CPU
		{CD08F9B6-D91D-435E-832B-BE618F32D2ED}.Debug|Any CPU.ActiveCfg = Debug|Any CPU
		{CD08F9B6-D91D-435E-832B-BE618F32D2ED}.Debug|Any CPU.Build.0 = Debug|Any CPU
		{CD08F9B6-D91D-435E-832B-BE618F32D2ED}.Release|Any CPU.ActiveCfg = Release|Any CPU
		{CD08F9B6-D91D-435E-832B-BE618F32D2ED}.Release|Any CPU.Build.0 = Release|Any CPU
		{D5568F6B-5E29-4F06-9C6D-58ECD446BE11}.Debug|Any CPU.ActiveCfg = Debug|Any CPU
		{D5568F6B-5E29-4F06-9C6D-58ECD446BE11}.Debug|Any CPU.Build.0 = Debug|Any CPU
		{D5568F6B-5E29-4F06-9C6D-58ECD446BE11}.Release|Any CPU.ActiveCfg = Release|Any CPU
		{D5568F6B-5E29-4F06-9C6D-58ECD446BE11}.Release|Any CPU.Build.0 = Release|Any CPU
		{5A998EE0-84AB-4758-A5B2-6905C8382703}.Debug|Any CPU.ActiveCfg = Debug|Any CPU
		{5A998EE0-84AB-4758-A5B2-6905C8382703}.Debug|Any CPU.Build.0 = Debug|Any CPU
		{5A998EE0-84AB-4758-A5B2-6905C8382703}.Release|Any CPU.ActiveCfg = Release|Any CPU
		{5A998EE0-84AB-4758-A5B2-6905C8382703}.Release|Any CPU.Build.0 = Release|Any CPU
		{9799E041-A6D3-42AD-B4BD-80A28E82EE1E}.Debug|Any CPU.ActiveCfg = Debug|Any CPU
		{9799E041-A6D3-42AD-B4BD-80A28E82EE1E}.Debug|Any CPU.Build.0 = Debug|Any CPU
		{9799E041-A6D3-42AD-B4BD-80A28E82EE1E}.Release|Any CPU.ActiveCfg = Release|Any CPU
		{9799E041-A6D3-42AD-B4BD-80A28E82EE1E}.Release|Any CPU.Build.0 = Release|Any CPU
	EndGlobalSection
	GlobalSection(SolutionProperties) = preSolution
		HideSolutionNode = FALSE
	EndGlobalSection
	GlobalSection(NestedProjects) = preSolution
		{285E8731-12C1-4ED9-A177-878423761E5F} = {71FB2994-8D1F-4264-83F3-5AFCEFB0A79B}
		{11E30251-3785-44C7-8F0F-E1E319CCA250} = {F10E2FE1-02E8-4985-945D-42536E88A5E2}
		{43AE0CFE-FD0D-4675-B6BA-9DDCD9143847} = {F10E2FE1-02E8-4985-945D-42536E88A5E2}
		{CD08F9B6-D91D-435E-832B-BE618F32D2ED} = {F10E2FE1-02E8-4985-945D-42536E88A5E2}
		{D5568F6B-5E29-4F06-9C6D-58ECD446BE11} = {C4CD29FF-6756-4B99-88BF-8AD3BDB98AAC}
		{5A998EE0-84AB-4758-A5B2-6905C8382703} = {0E936960-C9B1-47EF-9785-25489BA7319A}
		{9799E041-A6D3-42AD-B4BD-80A28E82EE1E} = {0E936960-C9B1-47EF-9785-25489BA7319A}
	EndGlobalSection
	GlobalSection(ExtensibilityGlobals) = postSolution
		SolutionGuid = {1067A630-E3F0-4AB1-BC44-C862107777E0}
	EndGlobalSection
EndGlobal
